
Microsoft Visual Studio Solution File, Format Version 12.00
# Visual Studio Version 16
VisualStudioVersion = 16.0.30503.244
MinimumVisualStudioVersion = 10.0.40219.1
Project("{FAE04EC0-301F-11D3-BF4B-00C04F79EFBC}") = "ResxIssueSample", "ResxIssueSample\ResxIssueSample\ResxIssueSample.csproj", "{F60E6CD9-0132-4538-BEEC-2C6C9684E17F}"
EndProject
Project("{FAE04EC0-301F-11D3-BF4B-00C04F79EFBC}") = "ResxIssueSample.Android", "ResxIssueSample\ResxIssueSample.Android\ResxIssueSample.Android.csproj", "{C1101ACE-DB60-40B9-9226-45D9DC1842B0}"
EndProject
Project("{FAE04EC0-301F-11D3-BF4B-00C04F79EFBC}") = "ResxIssueSample.iOS", "ResxIssueSample\ResxIssueSample.iOS\ResxIssueSample.iOS.csproj", "{5272DA8B-7998-4F1D-AF0D-66BCE9199B2F}"
EndProject
Global
	GlobalSection(SolutionConfigurationPlatforms) = preSolution
		Ad-Hoc|Any CPU = Ad-Hoc|Any CPU
		Ad-Hoc|iPhone = Ad-Hoc|iPhone
		Ad-Hoc|iPhoneSimulator = Ad-Hoc|iPhoneSimulator
		AppStore|Any CPU = AppStore|Any CPU
		AppStore|iPhone = AppStore|iPhone
		AppStore|iPhoneSimulator = AppStore|iPhoneSimulator
		Debug|Any CPU = Debug|Any CPU
		Debug|iPhone = Debug|iPhone
		Debug|iPhoneSimulator = Debug|iPhoneSimulator
		Release|Any CPU = Release|Any CPU
		Release|iPhone = Release|iPhone
		Release|iPhoneSimulator = Release|iPhoneSimulator
	EndGlobalSection
	GlobalSection(ProjectConfigurationPlatforms) = postSolution
		{F60E6CD9-0132-4538-BEEC-2C6C9684E17F}.Ad-Hoc|Any CPU.ActiveCfg = Release|Any CPU
		{F60E6CD9-0132-4538-BEEC-2C6C9684E17F}.Ad-Hoc|Any CPU.Build.0 = Release|Any CPU
		{F60E6CD9-0132-4538-BEEC-2C6C9684E17F}.Ad-Hoc|iPhone.ActiveCfg = Release|Any CPU
		{F60E6CD9-0132-4538-BEEC-2C6C9684E17F}.Ad-Hoc|iPhone.Build.0 = Release|Any CPU
		{F60E6CD9-0132-4538-BEEC-2C6C9684E17F}.Ad-Hoc|iPhoneSimulator.ActiveCfg = Release|Any CPU
		{F60E6CD9-0132-4538-BEEC-2C6C9684E17F}.Ad-Hoc|iPhoneSimulator.Build.0 = Release|Any CPU
		{F60E6CD9-0132-4538-BEEC-2C6C9684E17F}.AppStore|Any CPU.ActiveCfg = Release|Any CPU
		{F60E6CD9-0132-4538-BEEC-2C6C9684E17F}.AppStore|Any CPU.Build.0 = Release|Any CPU
		{F60E6CD9-0132-4538-BEEC-2C6C9684E17F}.AppStore|iPhone.ActiveCfg = Release|Any CPU
		{F60E6CD9-0132-4538-BEEC-2C6C9684E17F}.AppStore|iPhone.Build.0 = Release|Any CPU
		{F60E6CD9-0132-4538-BEEC-2C6C9684E17F}.AppStore|iPhoneSimulator.ActiveCfg = Release|Any CPU
		{F60E6CD9-0132-4538-BEEC-2C6C9684E17F}.AppStore|iPhoneSimulator.Build.0 = Release|Any CPU
		{F60E6CD9-0132-4538-BEEC-2C6C9684E17F}.Debug|Any CPU.ActiveCfg = Debug|Any CPU
		{F60E6CD9-0132-4538-BEEC-2C6C9684E17F}.Debug|Any CPU.Build.0 = Debug|Any CPU
		{F60E6CD9-0132-4538-BEEC-2C6C9684E17F}.Debug|iPhone.ActiveCfg = Debug|Any CPU
		{F60E6CD9-0132-4538-BEEC-2C6C9684E17F}.Debug|iPhone.Build.0 = Debug|Any CPU
		{F60E6CD9-0132-4538-BEEC-2C6C9684E17F}.Debug|iPhoneSimulator.ActiveCfg = Debug|Any CPU
		{F60E6CD9-0132-4538-BEEC-2C6C9684E17F}.Debug|iPhoneSimulator.Build.0 = Debug|Any CPU
		{F60E6CD9-0132-4538-BEEC-2C6C9684E17F}.Release|Any CPU.ActiveCfg = Release|Any CPU
		{F60E6CD9-0132-4538-BEEC-2C6C9684E17F}.Release|Any CPU.Build.0 = Release|Any CPU
		{F60E6CD9-0132-4538-BEEC-2C6C9684E17F}.Release|iPhone.ActiveCfg = Release|Any CPU
		{F60E6CD9-0132-4538-BEEC-2C6C9684E17F}.Release|iPhone.Build.0 = Release|Any CPU
		{F60E6CD9-0132-4538-BEEC-2C6C9684E17F}.Release|iPhoneSimulator.ActiveCfg = Release|Any CPU
		{F60E6CD9-0132-4538-BEEC-2C6C9684E17F}.Release|iPhoneSimulator.Build.0 = Release|Any CPU
		{C1101ACE-DB60-40B9-9226-45D9DC1842B0}.Ad-Hoc|Any CPU.ActiveCfg = Debug|Any CPU
		{C1101ACE-DB60-40B9-9226-45D9DC1842B0}.Ad-Hoc|Any CPU.Build.0 = Debug|Any CPU
		{C1101ACE-DB60-40B9-9226-45D9DC1842B0}.Ad-Hoc|Any CPU.Deploy.0 = Debug|Any CPU
		{C1101ACE-DB60-40B9-9226-45D9DC1842B0}.Ad-Hoc|iPhone.ActiveCfg = Debug|Any CPU
		{C1101ACE-DB60-40B9-9226-45D9DC1842B0}.Ad-Hoc|iPhone.Build.0 = Debug|Any CPU
		{C1101ACE-DB60-40B9-9226-45D9DC1842B0}.Ad-Hoc|iPhone.Deploy.0 = Debug|Any CPU
		{C1101ACE-DB60-40B9-9226-45D9DC1842B0}.Ad-Hoc|iPhoneSimulator.ActiveCfg = Debug|Any CPU
		{C1101ACE-DB60-40B9-9226-45D9DC1842B0}.Ad-Hoc|iPhoneSimulator.Build.0 = Debug|Any CPU
		{C1101ACE-DB60-40B9-9226-45D9DC1842B0}.Ad-Hoc|iPhoneSimulator.Deploy.0 = Debug|Any CPU
		{C1101ACE-DB60-40B9-9226-45D9DC1842B0}.AppStore|Any CPU.ActiveCfg = Debug|Any CPU
		{C1101ACE-DB60-40B9-9226-45D9DC1842B0}.AppStore|Any CPU.Build.0 = Debug|Any CPU
		{C1101ACE-DB60-40B9-9226-45D9DC1842B0}.AppStore|Any CPU.Deploy.0 = Debug|Any CPU
		{C1101ACE-DB60-40B9-9226-45D9DC1842B0}.AppStore|iPhone.ActiveCfg = Debug|Any CPU
		{C1101ACE-DB60-40B9-9226-45D9DC1842B0}.AppStore|iPhone.Build.0 = Debug|Any CPU
		{C1101ACE-DB60-40B9-9226-45D9DC1842B0}.AppStore|iPhone.Deploy.0 = Debug|Any CPU
		{C1101ACE-DB60-40B9-9226-45D9DC1842B0}.AppStore|iPhoneSimulator.ActiveCfg = Debug|Any CPU
		{C1101ACE-DB60-40B9-9226-45D9DC1842B0}.AppStore|iPhoneSimulator.Build.0 = Debug|Any CPU
		{C1101ACE-DB60-40B9-9226-45D9DC1842B0}.AppStore|iPhoneSimulator.Deploy.0 = Debug|Any CPU
		{C1101ACE-DB60-40B9-9226-45D9DC1842B0}.Debug|Any CPU.ActiveCfg = Debug|Any CPU
		{C1101ACE-DB60-40B9-9226-45D9DC1842B0}.Debug|Any CPU.Build.0 = Debug|Any CPU
		{C1101ACE-DB60-40B9-9226-45D9DC1842B0}.Debug|Any CPU.Deploy.0 = Debug|Any CPU
		{C1101ACE-DB60-40B9-9226-45D9DC1842B0}.Debug|iPhone.ActiveCfg = Debug|Any CPU
		{C1101ACE-DB60-40B9-9226-45D9DC1842B0}.Debug|iPhone.Build.0 = Debug|Any CPU
		{C1101ACE-DB60-40B9-9226-45D9DC1842B0}.Debug|iPhone.Deploy.0 = Debug|Any CPU
		{C1101ACE-DB60-40B9-9226-45D9DC1842B0}.Debug|iPhoneSimulator.ActiveCfg = Debug|Any CPU
		{C1101ACE-DB60-40B9-9226-45D9DC1842B0}.Debug|iPhoneSimulator.Build.0 = Debug|Any CPU
		{C1101ACE-DB60-40B9-9226-45D9DC1842B0}.Debug|iPhoneSimulator.Deploy.0 = Debug|Any CPU
		{C1101ACE-DB60-40B9-9226-45D9DC1842B0}.Release|Any CPU.ActiveCfg = Release|Any CPU
		{C1101ACE-DB60-40B9-9226-45D9DC1842B0}.Release|Any CPU.Build.0 = Release|Any CPU
		{C1101ACE-DB60-40B9-9226-45D9DC1842B0}.Release|Any CPU.Deploy.0 = Release|Any CPU
		{C1101ACE-DB60-40B9-9226-45D9DC1842B0}.Release|iPhone.ActiveCfg = Release|Any CPU
		{C1101ACE-DB60-40B9-9226-45D9DC1842B0}.Release|iPhone.Build.0 = Release|Any CPU
		{C1101ACE-DB60-40B9-9226-45D9DC1842B0}.Release|iPhone.Deploy.0 = Release|Any CPU
		{C1101ACE-DB60-40B9-9226-45D9DC1842B0}.Release|iPhoneSimulator.ActiveCfg = Release|Any CPU
		{C1101ACE-DB60-40B9-9226-45D9DC1842B0}.Release|iPhoneSimulator.Build.0 = Release|Any CPU
		{C1101ACE-DB60-40B9-9226-45D9DC1842B0}.Release|iPhoneSimulator.Deploy.0 = Release|Any CPU
		{5272DA8B-7998-4F1D-AF0D-66BCE9199B2F}.Ad-Hoc|Any CPU.ActiveCfg = Ad-Hoc|iPhoneSimulator
		{5272DA8B-7998-4F1D-AF0D-66BCE9199B2F}.Ad-Hoc|iPhone.ActiveCfg = Ad-Hoc|iPhone
		{5272DA8B-7998-4F1D-AF0D-66BCE9199B2F}.Ad-Hoc|iPhone.Build.0 = Ad-Hoc|iPhone
		{5272DA8B-7998-4F1D-AF0D-66BCE9199B2F}.Ad-Hoc|iPhoneSimulator.ActiveCfg = Ad-Hoc|iPhoneSimulator
		{5272DA8B-7998-4F1D-AF0D-66BCE9199B2F}.Ad-Hoc|iPhoneSimulator.Build.0 = Ad-Hoc|iPhoneSimulator
		{5272DA8B-7998-4F1D-AF0D-66BCE9199B2F}.AppStore|Any CPU.ActiveCfg = AppStore|iPhoneSimulator
		{5272DA8B-7998-4F1D-AF0D-66BCE9199B2F}.AppStore|iPhone.ActiveCfg = AppStore|iPhone
		{5272DA8B-7998-4F1D-AF0D-66BCE9199B2F}.AppStore|iPhone.Build.0 = AppStore|iPhone
		{5272DA8B-7998-4F1D-AF0D-66BCE9199B2F}.AppStore|iPhoneSimulator.ActiveCfg = AppStore|iPhoneSimulator
		{5272DA8B-7998-4F1D-AF0D-66BCE9199B2F}.AppStore|iPhoneSimulator.Build.0 = AppStore|iPhoneSimulator
		{5272DA8B-7998-4F1D-AF0D-66BCE9199B2F}.Debug|Any CPU.ActiveCfg = Debug|iPhoneSimulator
		{5272DA8B-7998-4F1D-AF0D-66BCE9199B2F}.Debug|iPhone.ActiveCfg = Debug|iPhone
		{5272DA8B-7998-4F1D-AF0D-66BCE9199B2F}.Debug|iPhone.Build.0 = Debug|iPhone
		{5272DA8B-7998-4F1D-AF0D-66BCE9199B2F}.Debug|iPhoneSimulator.ActiveCfg = Debug|iPhoneSimulator
		{5272DA8B-7998-4F1D-AF0D-66BCE9199B2F}.Debug|iPhoneSimulator.Build.0 = Debug|iPhoneSimulator
		{5272DA8B-7998-4F1D-AF0D-66BCE9199B2F}.Release|Any CPU.ActiveCfg = Release|iPhoneSimulator
		{5272DA8B-7998-4F1D-AF0D-66BCE9199B2F}.Release|iPhone.ActiveCfg = Release|iPhone
		{5272DA8B-7998-4F1D-AF0D-66BCE9199B2F}.Release|iPhone.Build.0 = Release|iPhone
		{5272DA8B-7998-4F1D-AF0D-66BCE9199B2F}.Release|iPhoneSimulator.ActiveCfg = Release|iPhoneSimulator
		{5272DA8B-7998-4F1D-AF0D-66BCE9199B2F}.Release|iPhoneSimulator.Build.0 = Release|iPhoneSimulator
	EndGlobalSection
	GlobalSection(SolutionProperties) = preSolution
		HideSolutionNode = FALSE
	EndGlobalSection
	GlobalSection(ExtensibilityGlobals) = postSolution
		SolutionGuid = {86F94CC8-25CA-4A03-8AFA-6D60AFA2FB67}
	EndGlobalSection
EndGlobal
